// !$*UTF8*$!
{
	archiveVersion = 1;
	classes = {
	};
	objectVersion = 50;
	objects = {

/* Begin PBXBuildFile section */
		BBDA22AE2654196B00A12523 /* Happy_FactsApp.swift in Sources */ = {isa = PBXBuildFile; fileRef = BBDA22AD2654196B00A12523 /* Happy_FactsApp.swift */; };
		BBDA22B02654196B00A12523 /* ContentView.swift in Sources */ = {isa = PBXBuildFile; fileRef = BBDA22AF2654196B00A12523 /* ContentView.swift */; };
		BBDA22B22654196C00A12523 /* Assets.xcassets in Resources */ = {isa = PBXBuildFile; fileRef = BBDA22B12654196C00A12523 /* Assets.xcassets */; };
		BBDA22B52654196C00A12523 /* Preview Assets.xcassets in Resources */ = {isa = PBXBuildFile; fileRef = BBDA22B42654196C00A12523 /* Preview Assets.xcassets */; };
		BBDA22BF265419DA00A12523 /* DetailView.swift in Sources */ = {isa = PBXBuildFile; fileRef = BBDA22BC265419DA00A12523 /* DetailView.swift */; };
		BBDA22C0265419DA00A12523 /* Fact.swift in Sources */ = {isa = PBXBuildFile; fileRef = BBDA22BD265419DA00A12523 /* Fact.swift */; };
		BBDA22C1265419DA00A12523 /* FactListViewModel.swift in Sources */ = {isa = PBXBuildFile; fileRef = BBDA22BE265419DA00A12523 /* FactListViewModel.swift */; };
/* End PBXBuildFile section */

/* Begin PBXFileReference section */
		BBDA22AA2654196B00A12523 /* Happy Facts.app */ = {isa = PBXFileReference; explicitFileType = wrapper.application; includeInIndex = 0; path = "Happy Facts.app"; sourceTree = BUILT_PRODUCTS_DIR; };
		BBDA22AD2654196B00A12523 /* Happy_FactsApp.swift */ = {isa = PBXFileReference; lastKnownFileType = sourcecode.swift; path = Happy_FactsApp.swift; sourceTree = "<group>"; };
		BBDA22AF2654196B00A12523 /* ContentView.swift */ = {isa = PBXFileReference; lastKnownFileType = sourcecode.swift; path = ContentView.swift; sourceTree = "<group>"; };
		BBDA22B12654196C00A12523 /* Assets.xcassets */ = {isa = PBXFileReference; lastKnownFileType = folder.assetcatalog; path = Assets.xcassets; sourceTree = "<group>"; };
		BBDA22B42654196C00A12523 /* Preview Assets.xcassets */ = {isa = PBXFileReference; lastKnownFileType = folder.assetcatalog; path = "Preview Assets.xcassets"; sourceTree = "<group>"; };
		BBDA22B62654196C00A12523 /* Info.plist */ = {isa = PBXFileReference; lastKnownFileType = text.plist.xml; path = Info.plist; sourceTree = "<group>"; };
		BBDA22BC265419DA00A12523 /* DetailView.swift */ = {isa = PBXFileReference; fileEncoding = 4; lastKnownFileType = sourcecode.swift; path = DetailView.swift; sourceTree = "<group>"; };
		BBDA22BD265419DA00A12523 /* Fact.swift */ = {isa = PBXFileReference; fileEncoding = 4; lastKnownFileType = sourcecode.swift; path = Fact.swift; sourceTree = "<group>"; };
		BBDA22BE265419DA00A12523 /* FactListViewModel.swift */ = {isa = PBXFileReference; fileEncoding = 4; lastKnownFileType = sourcecode.swift; path = FactListViewModel.swift; sourceTree = "<group>"; };
/* End PBXFileReference section */

/* Begin PBXFrameworksBuildPhase section */
		BBDA22A72654196B00A12523 /* Frameworks */ = {
			isa = PBXFrameworksBuildPhase;
			buildActionMask = 2147483647;
			files = (
			);
			runOnlyForDeploymentPostprocessing = 0;
		};
/* End PBXFrameworksBuildPhase section */

/* Begin PBXGroup section */
		BBDA22A12654196B00A12523 = {
			isa = PBXGroup;
			children = (
				BBDA22AC2654196B00A12523 /* Happy Facts */,
				BBDA22AB2654196B00A12523 /* Products */,
			);
			sourceTree = "<group>";
		};
		BBDA22AB2654196B00A12523 /* Products */ = {
			isa = PBXGroup;
			children = (
				BBDA22AA2654196B00A12523 /* Happy Facts.app */,
			);
			name = Products;
			sourceTree = "<group>";
		};
		BBDA22AC2654196B00A12523 /* Happy Facts */ = {
			isa = PBXGroup;
			children = (
				BBDA22AD2654196B00A12523 /* Happy_FactsApp.swift */,
				BBDA22AF2654196B00A12523 /* ContentView.swift */,
				BBDA22BC265419DA00A12523 /* DetailView.swift */,
				BBDA22BD265419DA00A12523 /* Fact.swift */,
				BBDA22BE265419DA00A12523 /* FactListViewModel.swift */,
				BBDA22B12654196C00A12523 /* Assets.xcassets */,
				BBDA22B62654196C00A12523 /* Info.plist */,
				BBDA22B32654196C00A12523 /* Preview Content */,
			);
			path = "Happy Facts";
			sourceTree = "<group>";
		};
		BBDA22B32654196C00A12523 /* Preview Content */ = {
			isa = PBXGroup;
			children = (
				BBDA22B42654196C00A12523 /* Preview Assets.xcassets */,
			);
			path = "Preview Content";
			sourceTree = "<group>";
		};
/* End PBXGroup section */

/* Begin PBXNativeTarget section */
		BBDA22A92654196B00A12523 /* Happy Facts */ = {
			isa = PBXNativeTarget;
			buildConfigurationList = BBDA22B92654196C00A12523 /* Build configuration list for PBXNativeTarget "Happy Facts" */;
			buildPhases = (
				BBDA22A62654196B00A12523 /* Sources */,
				BBDA22A72654196B00A12523 /* Frameworks */,
				BBDA22A82654196B00A12523 /* Resources */,
			);
			buildRules = (
			);
			dependencies = (
			);
			name = "Happy Facts";
			productName = "Happy Facts";
			productReference = BBDA22AA2654196B00A12523 /* Happy Facts.app */;
			productType = "com.apple.product-type.application";
		};
/* End PBXNativeTarget section */

/* Begin PBXProject section */
		BBDA22A22654196B00A12523 /* Project object */ = {
			isa = PBXProject;
			attributes = {
				LastSwiftUpdateCheck = 1250;
				LastUpgradeCheck = 1250;
				TargetAttributes = {
					BBDA22A92654196B00A12523 = {
						CreatedOnToolsVersion = 12.5;
					};
				};
			};
			buildConfigurationList = BBDA22A52654196B00A12523 /* Build configuration list for PBXProject "Happy Facts" */;
			compatibilityVersion = "Xcode 9.3";
			developmentRegion = en;
			hasScannedForEncodings = 0;
			knownRegions = (
				en,
				Base,
			);
			mainGroup = BBDA22A12654196B00A12523;
			productRefGroup = BBDA22AB2654196B00A12523 /* Products */;
			projectDirPath = "";
			projectRoot = "";
			targets = (
				BBDA22A92654196B00A12523 /* Happy Facts */,
			);
		};
/* End PBXProject section */

/* Begin PBXResourcesBuildPhase section */
		BBDA22A82654196B00A12523 /* Resources */ = {
			isa = PBXResourcesBuildPhase;
			buildActionMask = 2147483647;
			files = (
				BBDA22B52654196C00A12523 /* Preview Assets.xcassets in Resources */,
				BBDA22B22654196C00A12523 /* Assets.xcassets in Resources */,
			);
			runOnlyForDeploymentPostprocessing = 0;
		};
/* End PBXResourcesBuildPhase section */

/* Begin PBXSourcesBuildPhase section */
		BBDA22A62654196B00A12523 /* Sources */ = {
			isa = PBXSourcesBuildPhase;
			buildActionMask = 2147483647;
			files = (
				BBDA22B02654196B00A12523 /* ContentView.swift in Sources */,
				BBDA22BF265419DA00A12523 /* DetailView.swift in Sources */,
				BBDA22C1265419DA00A12523 /* FactListViewModel.swift in Sources */,
				BBDA22AE2654196B00A12523 /* Happy_FactsApp.swift in Sources */,
				BBDA22C0265419DA00A12523 /* Fact.swift in Sources */,
			);
			runOnlyForDeploymentPostprocessing = 0;
		};
/* End PBXSourcesBuildPhase section */

/* Begin XCBuildConfiguration section */
		BBDA22B72654196C00A12523 /* Debug */ = {
			isa = XCBuildConfiguration;
			buildSettings = {
				ALWAYS_SEARCH_USER_PATHS = NO;
				CLANG_ANALYZER_NONNULL = YES;
				CLANG_ANALYZER_NUMBER_OBJECT_CONVERSION = YES_AGGRESSIVE;
				CLANG_CXX_LANGUAGE_STANDARD = "gnu++14";
				CLANG_CXX_LIBRARY = "libc++";
				CLANG_ENABLE_MODULES = YES;
				CLANG_ENABLE_OBJC_ARC = YES;
				CLANG_ENABLE_OBJC_WEAK = YES;
				CLANG_WARN_BLOCK_CAPTURE_AUTORELEASING = YES;
				CLANG_WARN_BOOL_CONVERSION = YES;
				CLANG_WARN_COMMA = YES;
				CLANG_WARN_CONSTANT_CONVERSION = YES;
				CLANG_WARN_DEPRECATED_OBJC_IMPLEMENTATIONS = YES;
				CLANG_WARN_DIRECT_OBJC_ISA_USAGE = YES_ERROR;
				CLANG_WARN_DOCUMENTATION_COMMENTS = YES;
				CLANG_WARN_EMPTY_BODY = YES;
				CLANG_WARN_ENUM_CONVERSION = YES;
				CLANG_WARN_INFINITE_RECURSION = YES;
				CLANG_WARN_INT_CONVERSION = YES;
				CLANG_WARN_NON_LITERAL_NULL_CONVERSION = YES;
				CLANG_WARN_OBJC_IMPLICIT_RETAIN_SELF = YES;
				CLANG_WARN_OBJC_LITERAL_CONVERSION = YES;
				CLANG_WARN_OBJC_ROOT_CLASS = YES_ERROR;
				CLANG_WARN_QUOTED_INCLUDE_IN_FRAMEWORK_HEADER = YES;
				CLANG_WARN_RANGE_LOOP_ANALYSIS = YES;
				CLANG_WARN_STRICT_PROTOTYPES = YES;
				CLANG_WARN_SUSPICIOUS_MOVE = YES;
				CLANG_WARN_UNGUARDED_AVAILABILITY = YES_AGGRESSIVE;
				CLANG_WARN_UNREACHABLE_CODE = YES;
				CLANG_WARN__DUPLICATE_METHOD_MATCH = YES;
				COPY_PHASE_STRIP = NO;
				DEBUG_INFORMATION_FORMAT = dwarf;
				ENABLE_STRICT_OBJC_MSGSEND = YES;
				ENABLE_TESTABILITY = YES;
				GCC_C_LANGUAGE_STANDARD = gnu11;
				GCC_DYNAMIC_NO_PIC = NO;
				GCC_NO_COMMON_BLOCKS = YES;
				GCC_OPTIMIZATION_LEVEL = 0;
				GCC_PREPROCESSOR_DEFINITIONS = (
					"DEBUG=1",
					"$(inherited)",
				);
				GCC_WARN_64_TO_32_BIT_CONVERSION = YES;
				GCC_WARN_ABOUT_RETURN_TYPE = YES_ERROR;
				GCC_WARN_UNDECLARED_SELECTOR = YES;
				GCC_WARN_UNINITIALIZED_AUTOS = YES_AGGRESSIVE;
				GCC_WARN_UNUSED_FUNCTION = YES;
				GCC_WARN_UNUSED_VARIABLE = YES;
				IPHONEOS_DEPLOYMENT_TARGET = 14.5;
				MTL_ENABLE_DEBUG_INFO = INCLUDE_SOURCE;
				MTL_FAST_MATH = YES;
				ONLY_ACTIVE_ARCH = YES;
				SDKROOT = iphoneos;
				SWIFT_ACTIVE_COMPILATION_CONDITIONS = DEBUG;
				SWIFT_OPTIMIZATION_LEVEL = "-Onone";
			};
			name = Debug;
		};
		BBDA22B82654196C00A12523 /* Release */ = {
			isa = XCBuildConfiguration;
			buildSettings = {
				ALWAYS_SEARCH_USER_PATHS = NO;
				CLANG_ANALYZER_NONNULL = YES;
				CLANG_ANALYZER_NUMBER_OBJECT_CONVERSION = YES_AGGRESSIVE;
				CLANG_CXX_LANGUAGE_STANDARD = "gnu++14";
				CLANG_CXX_LIBRARY = "libc++";
				CLANG_ENABLE_MODULES = YES;
				CLANG_ENABLE_OBJC_ARC = YES;
				CLANG_ENABLE_OBJC_WEAK = YES;
				CLANG_WARN_BLOCK_CAPTURE_AUTORELEASING = YES;
				CLANG_WARN_BOOL_CONVERSION = YES;
				CLANG_WARN_COMMA = YES;
				CLANG_WARN_CONSTANT_CONVERSION = YES;
				CLANG_WARN_DEPRECATED_OBJC_IMPLEMENTATIONS = YES;
				CLANG_WARN_DIRECT_OBJC_ISA_USAGE = YES_ERROR;
				CLANG_WARN_DOCUMENTATION_COMMENTS = YES;
				CLANG_WARN_EMPTY_BODY = YES;
				CLANG_WARN_ENUM_CONVERSION = YES;
				CLANG_WARN_INFINITE_RECURSION = YES;
				CLANG_WARN_INT_CONVERSION = YES;
				CLANG_WARN_NON_LITERAL_NULL_CONVERSION = YES;
				CLANG_WARN_OBJC_IMPLICIT_RETAIN_SELF = YES;
				CLANG_WARN_OBJC_LITERAL_CONVERSION = YES;
				CLANG_WARN_OBJC_ROOT_CLASS = YES_ERROR;
				CLANG_WARN_QUOTED_INCLUDE_IN_FRAMEWORK_HEADER = YES;
				CLANG_WARN_RANGE_LOOP_ANALYSIS = YES;
				CLANG_WARN_STRICT_PROTOTYPES = YES;
				CLANG_WARN_SUSPICIOUS_MOVE = YES;
				CLANG_WARN_UNGUARDED_AVAILABILITY = YES_AGGRESSIVE;
				CLANG_WARN_UNREACHABLE_CODE = YES;
				CLANG_WARN__DUPLICATE_METHOD_MATCH = YES;
				COPY_PHASE_STRIP = NO;
				DEBUG_INFORMATION_FORMAT = "dwarf-with-dsym";
				ENABLE_NS_ASSERTIONS = NO;
				ENABLE_STRICT_OBJC_MSGSEND = YES;
				GCC_C_LANGUAGE_STANDARD = gnu11;
				GCC_NO_COMMON_BLOCKS = YES;
				GCC_WARN_64_TO_32_BIT_CONVERSION = YES;
				GCC_WARN_ABOUT_RETURN_TYPE = YES_ERROR;
				GCC_WARN_UNDECLARED_SELECTOR = YES;
				GCC_WARN_UNINITIALIZED_AUTOS = YES_AGGRESSIVE;
				GCC_WARN_UNUSED_FUNCTION = YES;
				GCC_WARN_UNUSED_VARIABLE = YES;
				IPHONEOS_DEPLOYMENT_TARGET = 14.5;
				MTL_ENABLE_DEBUG_INFO = NO;
				MTL_FAST_MATH = YES;
				SDKROOT = iphoneos;
				SWIFT_COMPILATION_MODE = wholemodule;
				SWIFT_OPTIMIZATION_LEVEL = "-O";
				VALIDATE_PRODUCT = YES;
			};
			name = Release;
		};
		BBDA22BA2654196C00A12523 /* Debug */ = {
			isa = XCBuildConfiguration;
			buildSettings = {
				ASSETCATALOG_COMPILER_APPICON_NAME = AppIcon;
				ASSETCATALOG_COMPILER_GLOBAL_ACCENT_COLOR_NAME = AccentColor;
				CODE_SIGN_STYLE = Automatic;
				DEVELOPMENT_ASSET_PATHS = "\"Happy Facts/Preview Content\"";
				DEVELOPMENT_TEAM = RKV4UP49S6;
				ENABLE_PREVIEWS = YES;
				INFOPLIST_FILE = "Happy Facts/Info.plist";
				IPHONEOS_DEPLOYMENT_TARGET = 14.0;
				LD_RUNPATH_SEARCH_PATHS = (
					"$(inherited)",
					"@executable_path/Frameworks",
				);
				PRODUCT_BUNDLE_IDENTIFIER = "com.createchsol.Happy-Facts";
				PRODUCT_NAME = "$(TARGET_NAME)";
				SWIFT_VERSION = 5.0;
				TARGETED_DEVICE_FAMILY = "1,2";
			};
			name = Debug;
		};
		BBDA22BB2654196C00A12523 /* Release */ = {
			isa = XCBuildConfiguration;
			buildSettings = {
				ASSETCATALOG_COMPILER_APPICON_NAME = AppIcon;
				ASSETCATALOG_COMPILER_GLOBAL_ACCENT_COLOR_NAME = AccentColor;
				CODE_SIGN_STYLE = Automatic;
				DEVELOPMENT_ASSET_PATHS = "\"Happy Facts/Preview Content\"";
				DEVELOPMENT_TEAM = RKV4UP49S6;
				ENABLE_PREVIEWS = YES;
				INFOPLIST_FILE = "Happy Facts/Info.plist";
				IPHONEOS_DEPLOYMENT_TARGET = 14.0;
				LD_RUNPATH_SEARCH_PATHS = (
					"$(inherited)",
					"@executable_path/Frameworks",
				);
				PRODUCT_BUNDLE_IDENTIFIER = "com.createchsol.Happy-Facts";
				PRODUCT_NAME = "$(TARGET_NAME)";
				SWIFT_VERSION = 5.0;
				TARGETED_DEVICE_FAMILY = "1,2";
			};
			name = Release;
		};
/* End XCBuildConfiguration section */

/* Begin XCConfigurationList section */
		BBDA22A52654196B00A12523 /* Build configuration list for PBXProject "Happy Facts" */ = {
			isa = XCConfigurationList;
			buildConfigurations = (
				BBDA22B72654196C00A12523 /* Debug */,
				BBDA22B82654196C00A12523 /* Release */,
			);
			defaultConfigurationIsVisible = 0;
			defaultConfigurationName = Release;
		};
		BBDA22B92654196C00A12523 /* Build configuration list for PBXNativeTarget "Happy Facts" */ = {
			isa = XCConfigurationList;
			buildConfigurations = (
				BBDA22BA2654196C00A12523 /* Debug */,
				BBDA22BB2654196C00A12523 /* Release */,
			);
			defaultConfigurationIsVisible = 0;
			defaultConfigurationName = Release;
		};
/* End XCConfigurationList section */
	};
	rootObject = BBDA22A22654196B00A12523 /* Project object */;
}
